// !$*UTF8*$!
{
	archiveVersion = 1;
	classes = {
	};
	objectVersion = 46;
	objects = {

/* Begin PBXBuildFile section */
		FBC0B23D1D2B409600F5C6FE /* Makefile in Sources */ = {isa = PBXBuildFile; fileRef = FBC0B23C1D2B409600F5C6FE /* Makefile */; };
		FBC0B2481D2B436C00F5C6FE /* bootasm.S in Sources */ = {isa = PBXBuildFile; fileRef = FBC0B2471D2B436C00F5C6FE /* bootasm.S */; };
/* End PBXBuildFile section */

/* Begin PBXCopyFilesBuildPhase section */
		FBC0B2301D2B400B00F5C6FE /* CopyFiles */ = {
			isa = PBXCopyFilesBuildPhase;
			buildActionMask = 2147483647;
			dstPath = /usr/share/man/man1/;
			dstSubfolderSpec = 0;
			files = (
			);
			runOnlyForDeploymentPostprocessing = 1;
		};
/* End PBXCopyFilesBuildPhase section */

/* Begin PBXFileReference section */
		FBC0B2321D2B400B00F5C6FE /* ucore-myself */ = {isa = PBXFileReference; explicitFileType = "compiled.mach-o.executable"; includeInIndex = 0; path = "ucore-myself"; sourceTree = BUILT_PRODUCTS_DIR; };
		FBC0B23C1D2B409600F5C6FE /* Makefile */ = {isa = PBXFileReference; fileEncoding = 4; lastKnownFileType = sourcecode.make; path = Makefile; sourceTree = "<group>"; };
		FBC0B2441D2B429700F5C6FE /* asm.h */ = {isa = PBXFileReference; lastKnownFileType = sourcecode.c.h; path = asm.h; sourceTree = "<group>"; };
		FBC0B2471D2B436C00F5C6FE /* bootasm.S */ = {isa = PBXFileReference; fileEncoding = 4; lastKnownFileType = sourcecode.asm; path = bootasm.S; sourceTree = "<group>"; };
/* End PBXFileReference section */

/* Begin PBXFrameworksBuildPhase section */
		FBC0B22F1D2B400B00F5C6FE /* Frameworks */ = {
			isa = PBXFrameworksBuildPhase;
			buildActionMask = 2147483647;
			files = (
			);
			runOnlyForDeploymentPostprocessing = 0;
		};
/* End PBXFrameworksBuildPhase section */

/* Begin PBXGroup section */
		FBC0B2291D2B400B00F5C6FE = {
			isa = PBXGroup;
			children = (
				FBC0B2341D2B400B00F5C6FE /* ucore-myself */,
				FBC0B2331D2B400B00F5C6FE /* Products */,
			);
			sourceTree = "<group>";
		};
		FBC0B2331D2B400B00F5C6FE /* Products */ = {
			isa = PBXGroup;
			children = (
				FBC0B2321D2B400B00F5C6FE /* ucore-myself */,
			);
			name = Products;
			sourceTree = "<group>";
		};
		FBC0B2341D2B400B00F5C6FE /* ucore-myself */ = {
			isa = PBXGroup;
			children = (
				FBC0B2431D2B40E600F5C6FE /* tools */,
				FBC0B2421D2B40DF00F5C6FE /* kern */,
				FBC0B2411D2B40DB00F5C6FE /* libs */,
				FBC0B23E1D2B40A000F5C6FE /* boot */,
				FBC0B23C1D2B409600F5C6FE /* Makefile */,
			);
			path = "ucore-myself";
			sourceTree = "<group>";
		};
		FBC0B23E1D2B40A000F5C6FE /* boot */ = {
			isa = PBXGroup;
			children = (
				FBC0B2441D2B429700F5C6FE /* asm.h */,
				FBC0B2471D2B436C00F5C6FE /* bootasm.S */,
			);
			name = boot;
			sourceTree = "<group>";
		};
		FBC0B2411D2B40DB00F5C6FE /* libs */ = {
			isa = PBXGroup;
			children = (
			);
			name = libs;
			sourceTree = "<group>";
		};
		FBC0B2421D2B40DF00F5C6FE /* kern */ = {
			isa = PBXGroup;
			children = (
			);
			name = kern;
			sourceTree = "<group>";
		};
		FBC0B2431D2B40E600F5C6FE /* tools */ = {
			isa = PBXGroup;
			children = (
			);
			name = tools;
			sourceTree = "<group>";
		};
/* End PBXGroup section */

/* Begin PBXNativeTarget section */
		FBC0B2311D2B400B00F5C6FE /* ucore-myself */ = {
			isa = PBXNativeTarget;
			buildConfigurationList = FBC0B2391D2B400B00F5C6FE /* Build configuration list for PBXNativeTarget "ucore-myself" */;
			buildPhases = (
				FBC0B22E1D2B400B00F5C6FE /* Sources */,
				FBC0B22F1D2B400B00F5C6FE /* Frameworks */,
				FBC0B2301D2B400B00F5C6FE /* CopyFiles */,
			);
			buildRules = (
			);
			dependencies = (
			);
			name = "ucore-myself";
			productName = "ucore-myself";
			productReference = FBC0B2321D2B400B00F5C6FE /* ucore-myself */;
			productType = "com.apple.product-type.tool";
		};
/* End PBXNativeTarget section */

/* Begin PBXProject section */
		FBC0B22A1D2B400B00F5C6FE /* Project object */ = {
			isa = PBXProject;
			attributes = {
				LastUpgradeCheck = 0730;
				ORGANIZATIONNAME = jizhuoran;
				TargetAttributes = {
					FBC0B2311D2B400B00F5C6FE = {
						CreatedOnToolsVersion = 7.3;
					};
				};
			};
			buildConfigurationList = FBC0B22D1D2B400B00F5C6FE /* Build configuration list for PBXProject "ucore-myself" */;
			compatibilityVersion = "Xcode 3.2";
			developmentRegion = English;
			hasScannedForEncodings = 0;
			knownRegions = (
				en,
			);
			mainGroup = FBC0B2291D2B400B00F5C6FE;
			productRefGroup = FBC0B2331D2B400B00F5C6FE /* Products */;
			projectDirPath = "";
			projectRoot = "";
			targets = (
				FBC0B2311D2B400B00F5C6FE /* ucore-myself */,
			);
		};
/* End PBXProject section */

/* Begin PBXSourcesBuildPhase section */
		FBC0B22E1D2B400B00F5C6FE /* Sources */ = {
			isa = PBXSourcesBuildPhase;
			buildActionMask = 2147483647;
			files = (
				FBC0B23D1D2B409600F5C6FE /* Makefile in Sources */,
				FBC0B2481D2B436C00F5C6FE /* bootasm.S in Sources */,
			);
			runOnlyForDeploymentPostprocessing = 0;
		};
/* End PBXSourcesBuildPhase section */

/* Begin XCBuildConfiguration section */
		FBC0B2371D2B400B00F5C6FE /* Debug */ = {
			isa = XCBuildConfiguration;
			buildSettings = {
				ALWAYS_SEARCH_USER_PATHS = NO;
				CLANG_ANALYZER_NONNULL = YES;
				CLANG_CXX_LANGUAGE_STANDARD = "gnu++0x";
				CLANG_CXX_LIBRARY = "libc++";
				CLANG_ENABLE_MODULES = YES;
				CLANG_ENABLE_OBJC_ARC = YES;
				CLANG_WARN_BOOL_CONVERSION = YES;
				CLANG_WARN_CONSTANT_CONVERSION = YES;
				CLANG_WARN_DIRECT_OBJC_ISA_USAGE = YES_ERROR;
				CLANG_WARN_EMPTY_BODY = YES;
				CLANG_WARN_ENUM_CONVERSION = YES;
				CLANG_WARN_INT_CONVERSION = YES;
				CLANG_WARN_OBJC_ROOT_CLASS = YES_ERROR;
				CLANG_WARN_UNREACHABLE_CODE = YES;
				CLANG_WARN__DUPLICATE_METHOD_MATCH = YES;
				CODE_SIGN_IDENTITY = "-";
				COPY_PHASE_STRIP = NO;
				DEBUG_INFORMATION_FORMAT = dwarf;
				ENABLE_STRICT_OBJC_MSGSEND = YES;
				ENABLE_TESTABILITY = YES;
				GCC_C_LANGUAGE_STANDARD = gnu99;
				GCC_DYNAMIC_NO_PIC = NO;
				GCC_NO_COMMON_BLOCKS = YES;
				GCC_OPTIMIZATION_LEVEL = 0;
				GCC_PREPROCESSOR_DEFINITIONS = (
					"DEBUG=1",
					"$(inherited)",
				);
				GCC_WARN_64_TO_32_BIT_CONVERSION = YES;
				GCC_WARN_ABOUT_RETURN_TYPE = YES_ERROR;
				GCC_WARN_UNDECLARED_SELECTOR = YES;
				GCC_WARN_UNINITIALIZED_AUTOS = YES_AGGRESSIVE;
				GCC_WARN_UNUSED_FUNCTION = YES;
				GCC_WARN_UNUSED_VARIABLE = YES;
				MACOSX_DEPLOYMENT_TARGET = 10.11;
				MTL_ENABLE_DEBUG_INFO = YES;
				ONLY_ACTIVE_ARCH = YES;
				SDKROOT = macosx;
			};
			name = Debug;
		};
		FBC0B2381D2B400B00F5C6FE /* Release */ = {
			isa = XCBuildConfiguration;
			buildSettings = {
				ALWAYS_SEARCH_USER_PATHS = NO;
				CLANG_ANALYZER_NONNULL = YES;
				CLANG_CXX_LANGUAGE_STANDARD = "gnu++0x";
				CLANG_CXX_LIBRARY = "libc++";
				CLANG_ENABLE_MODULES = YES;
				CLANG_ENABLE_OBJC_ARC = YES;
				CLANG_WARN_BOOL_CONVERSION = YES;
				CLANG_WARN_CONSTANT_CONVERSION = YES;
				CLANG_WARN_DIRECT_OBJC_ISA_USAGE = YES_ERROR;
				CLANG_WARN_EMPTY_BODY = YES;
				CLANG_WARN_ENUM_CONVERSION = YES;
				CLANG_WARN_INT_CONVERSION = YES;
				CLANG_WARN_OBJC_ROOT_CLASS = YES_ERROR;
				CLANG_WARN_UNREACHABLE_CODE = YES;
				CLANG_WARN__DUPLICATE_METHOD_MATCH = YES;
				CODE_SIGN_IDENTITY = "-";
				COPY_PHASE_STRIP = NO;
				DEBUG_INFORMATION_FORMAT = "dwarf-with-dsym";
				ENABLE_NS_ASSERTIONS = NO;
				ENABLE_STRICT_OBJC_MSGSEND = YES;
				GCC_C_LANGUAGE_STANDARD = gnu99;
				GCC_NO_COMMON_BLOCKS = YES;
				GCC_WARN_64_TO_32_BIT_CONVERSION = YES;
				GCC_WARN_ABOUT_RETURN_TYPE = YES_ERROR;
				GCC_WARN_UNDECLARED_SELECTOR = YES;
				GCC_WARN_UNINITIALIZED_AUTOS = YES_AGGRESSIVE;
				GCC_WARN_UNUSED_FUNCTION = YES;
				GCC_WARN_UNUSED_VARIABLE = YES;
				MACOSX_DEPLOYMENT_TARGET = 10.11;
				MTL_ENABLE_DEBUG_INFO = NO;
				SDKROOT = macosx;
			};
			name = Release;
		};
		FBC0B23A1D2B400B00F5C6FE /* Debug */ = {
			isa = XCBuildConfiguration;
			buildSettings = {
				PRODUCT_NAME = "$(TARGET_NAME)";
			};
			name = Debug;
		};
		FBC0B23B1D2B400B00F5C6FE /* Release */ = {
			isa = XCBuildConfiguration;
			buildSettings = {
				PRODUCT_NAME = "$(TARGET_NAME)";
			};
			name = Release;
		};
/* End XCBuildConfiguration section */

/* Begin XCConfigurationList section */
		FBC0B22D1D2B400B00F5C6FE /* Build configuration list for PBXProject "ucore-myself" */ = {
			isa = XCConfigurationList;
			buildConfigurations = (
				FBC0B2371D2B400B00F5C6FE /* Debug */,
				FBC0B2381D2B400B00F5C6FE /* Release */,
			);
			defaultConfigurationIsVisible = 0;
			defaultConfigurationName = Release;
		};
		FBC0B2391D2B400B00F5C6FE /* Build configuration list for PBXNativeTarget "ucore-myself" */ = {
			isa = XCConfigurationList;
			buildConfigurations = (
				FBC0B23A1D2B400B00F5C6FE /* Debug */,
				FBC0B23B1D2B400B00F5C6FE /* Release */,
			);
			defaultConfigurationIsVisible = 0;
		};
/* End XCConfigurationList section */
	};
	rootObject = FBC0B22A1D2B400B00F5C6FE /* Project object */;
}
